
Microsoft Visual Studio Solution File, Format Version 12.00
Project("{FAE04EC0-301F-11D3-BF4B-00C04F79EFBC}") = "MigrationRetriever", "MigrationRetriever\MigrationRetriever.csproj", "{EC0C2CDF-4C65-46D8-8B70-77878C98A769}"
EndProject
Project("{FAE04EC0-301F-11D3-BF4B-00C04F79EFBC}") = "MigrationApplier", "MigrationApplier\MigrationApplier.csproj", "{4969AECE-4E23-4431-89F0-5AE981CBA622}"
EndProject
Global
	GlobalSection(SolutionConfigurationPlatforms) = preSolution
		Debug|Any CPU = Debug|Any CPU
		Release|Any CPU = Release|Any CPU
	EndGlobalSection
	GlobalSection(ProjectConfigurationPlatforms) = postSolution
		{EC0C2CDF-4C65-46D8-8B70-77878C98A769}.Debug|Any CPU.ActiveCfg = Debug|Any CPU
		{EC0C2CDF-4C65-46D8-8B70-77878C98A769}.Debug|Any CPU.Build.0 = Debug|Any CPU
		{EC0C2CDF-4C65-46D8-8B70-77878C98A769}.Release|Any CPU.ActiveCfg = Release|Any CPU
		{EC0C2CDF-4C65-46D8-8B70-77878C98A769}.Release|Any CPU.Build.0 = Release|Any CPU
		{4969AECE-4E23-4431-89F0-5AE981CBA622}.Debug|Any CPU.ActiveCfg = Debug|Any CPU
		{4969AECE-4E23-4431-89F0-5AE981CBA622}.Debug|Any CPU.Build.0 = Debug|Any CPU
		{4969AECE-4E23-4431-89F0-5AE981CBA622}.Release|Any CPU.ActiveCfg = Release|Any CPU
		{4969AECE-4E23-4431-89F0-5AE981CBA622}.Release|Any CPU.Build.0 = Release|Any CPU
	EndGlobalSection
EndGlobal
